
Microsoft Visual Studio Solution File, Format Version 12.00
# Visual Studio 15
VisualStudioVersion = 15.0.27004.2010
MinimumVisualStudioVersion = 10.0.40219.1
Project("{FAE04EC0-301F-11D3-BF4B-00C04F79EFBC}") = "WebHelloWord", "WebHelloWord\WebHelloWord.csproj", "{03424508-8F17-4587-B589-8A0CD9CEBF49}"
EndProject
Project("{FAE04EC0-301F-11D3-BF4B-00C04F79EFBC}") = "WebHelloWord.Tests", "WebHelloWord.Tests\WebHelloWord.Tests.csproj", "{0B129071-5644-4E79-8607-200AFB0ADFA5}"
EndProject
Global
	GlobalSection(SolutionConfigurationPlatforms) = preSolution
		Debug|Any CPU = Debug|Any CPU
		Release|Any CPU = Release|Any CPU
	EndGlobalSection
	GlobalSection(ProjectConfigurationPlatforms) = postSolution
		{03424508-8F17-4587-B589-8A0CD9CEBF49}.Debug|Any CPU.ActiveCfg = Debug|Any CPU
		{03424508-8F17-4587-B589-8A0CD9CEBF49}.Debug|Any CPU.Build.0 = Debug|Any CPU
		{03424508-8F17-4587-B589-8A0CD9CEBF49}.Release|Any CPU.ActiveCfg = Release|Any CPU
		{03424508-8F17-4587-B589-8A0CD9CEBF49}.Release|Any CPU.Build.0 = Release|Any CPU
		{0B129071-5644-4E79-8607-200AFB0ADFA5}.Debug|Any CPU.ActiveCfg = Debug|Any CPU
		{0B129071-5644-4E79-8607-200AFB0ADFA5}.Debug|Any CPU.Build.0 = Debug|Any CPU
		{0B129071-5644-4E79-8607-200AFB0ADFA5}.Release|Any CPU.ActiveCfg = Release|Any CPU
		{0B129071-5644-4E79-8607-200AFB0ADFA5}.Release|Any CPU.Build.0 = Release|Any CPU
	EndGlobalSection
	GlobalSection(SolutionProperties) = preSolution
		HideSolutionNode = FALSE
	EndGlobalSection
	GlobalSection(ExtensibilityGlobals) = postSolution
		SolutionGuid = {9236067B-8E14-4E3C-9863-C9C4546D8A09}
	EndGlobalSection
EndGlobal
